
Microsoft Visual Studio Solution File, Format Version 12.00
# Visual Studio Version 17
VisualStudioVersion = 17.10.35004.147
MinimumVisualStudioVersion = 10.0.40219.1
Project("{FAE04EC0-301F-11D3-BF4B-00C04F79EFBC}") = "ProjetoAsp", "ProjetoAsp\ProjetoAsp.csproj", "{36384E2C-73DA-41FF-9483-FA5606DBED00}"
EndProject
Global
	GlobalSection(SolutionConfigurationPlatforms) = preSolution
		Debug|Any CPU = Debug|Any CPU
		Release|Any CPU = Release|Any CPU
	EndGlobalSection
	GlobalSection(ProjectConfigurationPlatforms) = postSolution
		{36384E2C-73DA-41FF-9483-FA5606DBED00}.Debug|Any CPU.ActiveCfg = Debug|Any CPU
		{36384E2C-73DA-41FF-9483-FA5606DBED00}.Debug|Any CPU.Build.0 = Debug|Any CPU
		{36384E2C-73DA-41FF-9483-FA5606DBED00}.Release|Any CPU.ActiveCfg = Release|Any CPU
		{36384E2C-73DA-41FF-9483-FA5606DBED00}.Release|Any CPU.Build.0 = Release|Any CPU
	EndGlobalSection
	GlobalSection(SolutionProperties) = preSolution
		HideSolutionNode = FALSE
	EndGlobalSection
	GlobalSection(ExtensibilityGlobals) = postSolution
		SolutionGuid = {E216349F-684E-44F8-8F94-6EE7A8F7577D}
	EndGlobalSection
EndGlobal
